{
  "version": 4,
  "terraform_version": "1.9.6",
  "serial": 16,
  "lineage": "a4e391c3-d38e-6f43-a218-eadfbc80e483",
  "outputs": {},
  "resources": [
    {
      "mode": "managed",
      "type": "libvirt_cloudinit_disk",
      "name": "commoninit",
      "provider": "provider[\"registry.terraform.io/dmacvicar/libvirt\"]",
      "instances": [
        {
          "schema_version": 0,
          "attributes": {
            "id": "/var/lib/libvirt/images/cloud-init.iso;a1b0b6c2-9cae-41cd-98c8-d57cd0c1e398",
            "meta_data": "",
            "name": "cloud-init.iso",
            "network_config": "",
            "pool": "default",
            "user_data": "#cloud-config\nusers:\n  - name: lucas\n    ssh-authorized-keys:\n      - ssh-rsa AAAAB3...tu_llave_ssh  # Reemplaza esto con tu clave SSH pública\n    sudo: ALL=(ALL) NOPASSWD:ALL\n    groups: sudo\n    shell: /bin/bash\n"
          },
          "sensitive_attributes": [],
          "private": "bnVsbA=="
        }
      ]
    },
    {
      "mode": "managed",
      "type": "libvirt_volume",
      "name": "debian_image",
      "provider": "provider[\"registry.terraform.io/dmacvicar/libvirt\"]",
      "instances": [
        {
          "schema_version": 0,
          "attributes": {
            "base_volume_id": null,
            "base_volume_name": null,
            "base_volume_pool": null,
            "format": "qcow2",
            "id": "/var/lib/libvirt/images/debian-12-generic-amd64.qcow2",
            "name": "debian-12-generic-amd64.qcow2",
            "pool": "default",
            "size": 2147483648,
            "source": "https://cloud.debian.org/images/cloud/bookworm/20230531-1397/debian-12-generic-amd64-20230531-1397.qcow2",
            "xml": []
          },
          "sensitive_attributes": [],
          "private": "bnVsbA=="
        }
      ]
    }
  ],
  "check_results": null
}
